// !$*UTF8*$!
{
	archiveVersion = 1;
	classes = {};
	objectVersion = 56;
	objects = {
		D3A6F7B80000000000000015 = { isa = PBXFileReference; lastKnownFileType = sourcecode.swift; name = "LogsView.swift"; path = "MakerShelf/Views/LogsView.swift"; sourceTree = SOURCE_ROOT; };
		D3A6F7B80000000000000016 = { isa = PBXBuildFile; fileRef = D3A6F7B80000000000000015; };
		D3A6F7B80000000000000013 = { isa = PBXFileReference; lastKnownFileType = sourcecode.swift; name = "AppLog.swift"; path = "MakerShelf/Services/AppLog.swift"; sourceTree = SOURCE_ROOT; };
		D3A6F7B80000000000000014 = { isa = PBXBuildFile; fileRef = D3A6F7B80000000000000013; };
		D3A6F7B80000000000000011 = { isa = PBXFileReference; lastKnownFileType = sourcecode.swift; name = "STLPreview.swift"; path = "MakerShelf/Services/STLPreview.swift"; sourceTree = SOURCE_ROOT; };
		D3A6F7B80000000000000017 = { isa = PBXFileReference; lastKnownFileType = sourcecode.swift; name = "OBJPreview.swift"; path = "MakerShelf/Services/OBJPreview.swift"; sourceTree = SOURCE_ROOT; };
		D3A6F7B80000000000000012 = { isa = PBXBuildFile; fileRef = D3A6F7B80000000000000011; };
		D3A6F7B80000000000000018 = { isa = PBXBuildFile; fileRef = D3A6F7B80000000000000017; };
		19E53FC9F590B86FA6ADBF7F = { isa = PBXFileReference; lastKnownFileType = sourcecode.swift; name = "AppState.swift"; path = "MakerShelf/App/AppState.swift"; sourceTree = SOURCE_ROOT; };
		B73A421F3F0C343C1FAA2EFB = { isa = PBXBuildFile; fileRef = 19E53FC9F590B86FA6ADBF7F; };
		E78C289A5AB44968A193CF63 = { isa = PBXFileReference; lastKnownFileType = sourcecode.swift; name = "MakerShelfApp.swift"; path = "MakerShelf/App/MakerShelfApp.swift"; sourceTree = SOURCE_ROOT; };
		01ADDFBDE1D243E2B0BC8E72 = { isa = PBXBuildFile; fileRef = E78C289A5AB44968A193CF63; };
		09898853EEC963C97BCC027A = { isa = PBXFileReference; lastKnownFileType = sourcecode.swift; name = "Models.swift"; path = "MakerShelf/Domain/Models.swift"; sourceTree = SOURCE_ROOT; };
		F4987358A5B08956484FCA73 = { isa = PBXBuildFile; fileRef = 09898853EEC963C97BCC027A; };
		0AA3B0505B1336E7887ACC5D = { isa = PBXFileReference; lastKnownFileType = sourcecode.swift; name = "DemoServices.swift"; path = "MakerShelf/Services/DemoServices.swift"; sourceTree = SOURCE_ROOT; };
		C6B410691526F198E4B20245 = { isa = PBXBuildFile; fileRef = 0AA3B0505B1336E7887ACC5D; };
		9744F1AFAAE2BFAED0F12605 = { isa = PBXFileReference; lastKnownFileType = sourcecode.swift; name = "ImagePipeline.swift"; path = "MakerShelf/Services/ImagePipeline.swift"; sourceTree = SOURCE_ROOT; };
		07B0B6709FB53DF19A9429FD = { isa = PBXBuildFile; fileRef = 9744F1AFAAE2BFAED0F12605; };
		A1C2E3F40000000000000005 = { isa = PBXFileReference; lastKnownFileType = sourcecode.swift; name = "ModelFilePreview.swift"; path = "MakerShelf/Services/ModelFilePreview.swift"; sourceTree = SOURCE_ROOT; };
		A1C2E3F40000000000000006 = { isa = PBXBuildFile; fileRef = A1C2E3F40000000000000005; };
		8AF75E0E4CDED8EB4AF95974 = { isa = PBXFileReference; lastKnownFileType = sourcecode.swift; name = "ModelCatalog.swift"; path = "MakerShelf/Services/ModelCatalog.swift"; sourceTree = SOURCE_ROOT; };
		43AA8B419C38638C41559EFC = { isa = PBXBuildFile; fileRef = 8AF75E0E4CDED8EB4AF95974; };
		A1C2E3F40000000000000001 = { isa = PBXFileReference; lastKnownFileType = sourcecode.swift; name = "LocalModelImporter.swift"; path = "MakerShelf/Services/LocalModelImporter.swift"; sourceTree = SOURCE_ROOT; };
		A1C2E3F40000000000000002 = { isa = PBXBuildFile; fileRef = A1C2E3F40000000000000001; };
		922B54FCF2624770E8BC0D31 = { isa = PBXFileReference; lastKnownFileType = sourcecode.swift; name = "DownloadStore.swift"; path = "MakerShelf/Stores/DownloadStore.swift"; sourceTree = SOURCE_ROOT; };
		5459E1F4D0F65E94EBF56001 = { isa = PBXBuildFile; fileRef = 922B54FCF2624770E8BC0D31; };
		32C6506617004BB51BC43C04 = { isa = PBXFileReference; lastKnownFileType = sourcecode.swift; name = "ImportStore.swift"; path = "MakerShelf/Stores/ImportStore.swift"; sourceTree = SOURCE_ROOT; };
		06A0660322502F2DEB316BAB = { isa = PBXBuildFile; fileRef = 32C6506617004BB51BC43C04; };
		6EFEB7867B7C39D420AD58D6 = { isa = PBXFileReference; lastKnownFileType = sourcecode.swift; name = "LibraryStore.swift"; path = "MakerShelf/Stores/LibraryStore.swift"; sourceTree = SOURCE_ROOT; };
		596C4367E5745FD9C7F9DCFA = { isa = PBXBuildFile; fileRef = 6EFEB7867B7C39D420AD58D6; };
		6488762BD8ABB0F097455B8A = { isa = PBXFileReference; lastKnownFileType = sourcecode.swift; name = "PreferencesStore.swift"; path = "MakerShelf/Stores/PreferencesStore.swift"; sourceTree = SOURCE_ROOT; };
		AFD6DBC2BCE466F62B36F3F8 = { isa = PBXBuildFile; fileRef = 6488762BD8ABB0F097455B8A; };
		A1C2E3F40000000000000003 = { isa = PBXFileReference; lastKnownFileType = sourcecode.swift; name = "LocalModelStore.swift"; path = "MakerShelf/Stores/LocalModelStore.swift"; sourceTree = SOURCE_ROOT; };
		A1C2E3F40000000000000004 = { isa = PBXBuildFile; fileRef = A1C2E3F40000000000000003; };
		928BFF0B14362D25503C2E4A = { isa = PBXFileReference; lastKnownFileType = sourcecode.swift; name = "ModelArtwork.swift"; path = "MakerShelf/Views/Components/ModelArtwork.swift"; sourceTree = SOURCE_ROOT; };
		15CE65B50B3783EFA948AB92 = { isa = PBXBuildFile; fileRef = 928BFF0B14362D25503C2E4A; };
		943DF47B56EA8111A50336E5 = { isa = PBXFileReference; lastKnownFileType = sourcecode.swift; name = "Theme.swift"; path = "MakerShelf/Views/Components/Theme.swift"; sourceTree = SOURCE_ROOT; };
		CB80C2C5500C219158109B47 = { isa = PBXBuildFile; fileRef = 943DF47B56EA8111A50336E5; };
		5385CEAA9C3CB353D7158767 = { isa = PBXFileReference; lastKnownFileType = sourcecode.swift; name = "ContentView.swift"; path = "MakerShelf/Views/ContentView.swift"; sourceTree = SOURCE_ROOT; };
		A27463DEE8526918931C7FA5 = { isa = PBXBuildFile; fileRef = 5385CEAA9C3CB353D7158767; };
		218EFE511ED2FDC41C144B7C = { isa = PBXFileReference; lastKnownFileType = sourcecode.swift; name = "DownloadsView.swift"; path = "MakerShelf/Views/DownloadsView.swift"; sourceTree = SOURCE_ROOT; };
		E0BB036C987EB710BB1A47D0 = { isa = PBXBuildFile; fileRef = 218EFE511ED2FDC41C144B7C; };
		586D3E2315555F32B572E053 = { isa = PBXFileReference; lastKnownFileType = sourcecode.swift; name = "ImportView.swift"; path = "MakerShelf/Views/ImportView.swift"; sourceTree = SOURCE_ROOT; };
		D2A010203DB05A2B87077F88 = { isa = PBXBuildFile; fileRef = 586D3E2315555F32B572E053; };
		B2D3E4F50000000000000001 = { isa = PBXFileReference; lastKnownFileType = sourcecode.swift; name = "LocalModelCreationView.swift"; path = "MakerShelf/Views/LocalModelCreationView.swift"; sourceTree = SOURCE_ROOT; };
		B2D3E4F50000000000000002 = { isa = PBXBuildFile; fileRef = B2D3E4F50000000000000001; };
		B2D3E4F50000000000000003 = { isa = PBXFileReference; lastKnownFileType = sourcecode.swift; name = "LibraryInspectorView.swift"; path = "MakerShelf/Views/LibraryInspectorView.swift"; sourceTree = SOURCE_ROOT; };
		B2D3E4F50000000000000004 = { isa = PBXBuildFile; fileRef = B2D3E4F50000000000000003; };
		78DA7736F175E285D1B3BE7D = { isa = PBXFileReference; lastKnownFileType = sourcecode.swift; name = "LibraryView.swift"; path = "MakerShelf/Views/LibraryView.swift"; sourceTree = SOURCE_ROOT; };
		33A9E2533EC0C91C8DDC3231 = { isa = PBXBuildFile; fileRef = 78DA7736F175E285D1B3BE7D; };
		8CD55A1CD9B785F1FA91F016 = { isa = PBXFileReference; lastKnownFileType = sourcecode.swift; name = "SettingsView.swift"; path = "MakerShelf/Views/SettingsView.swift"; sourceTree = SOURCE_ROOT; };
		CFC48DD69F5ED23CECF8CCE0 = { isa = PBXBuildFile; fileRef = 8CD55A1CD9B785F1FA91F016; };
		627CDC09B5010F1FAEB4F69C = { isa = PBXFileReference; lastKnownFileType = sourcecode.swift; name = "SidebarView.swift"; path = "MakerShelf/Views/SidebarView.swift"; sourceTree = SOURCE_ROOT; };
		1626E47ED45CCB03C0E36F16 = { isa = PBXBuildFile; fileRef = 627CDC09B5010F1FAEB4F69C; };
		3BE36E5CE5CE8A69E62D8123 = { isa = PBXFileReference; lastKnownFileType = sourcecode.swift; name = "MakerWorldClient.swift"; path = "MakerShelf/Services/MakerWorldClient.swift"; sourceTree = SOURCE_ROOT; };
		F64EC98F902190C52307725E = { isa = PBXBuildFile; fileRef = 3BE36E5CE5CE8A69E62D8123; };
		0C46F2B528A07ADF8E464B21 = { isa = PBXFileReference; lastKnownFileType = sourcecode.swift; name = "SessionStore.swift"; path = "MakerShelf/Stores/SessionStore.swift"; sourceTree = SOURCE_ROOT; };
		493815E386B009D7779019B2 = { isa = PBXBuildFile; fileRef = 0C46F2B528A07ADF8E464B21; };
		70C6589AE97B68BE3EB778C4 = { isa = PBXFileReference; lastKnownFileType = sourcecode.swift; name = "LoginView.swift"; path = "MakerShelf/Views/LoginView.swift"; sourceTree = SOURCE_ROOT; };
		5EB13081316914B1DB3AD861 = { isa = PBXBuildFile; fileRef = 70C6589AE97B68BE3EB778C4; };
		48A2C2E60DCF3BAE9C91C3D7 = { isa = PBXFileReference; lastKnownFileType = folder; name = "Artwork"; path = "MakerShelf/Resources/Artwork"; sourceTree = SOURCE_ROOT; };
		C12CA174927C399C1D3BEFC1 = { isa = PBXBuildFile; fileRef = 48A2C2E60DCF3BAE9C91C3D7; };
		D2AEC4F6AD8954D36660F9D9 = { isa = PBXFileReference; lastKnownFileType = folder.assetcatalog; name = "Assets.xcassets"; path = "MakerShelf/Resources/Assets.xcassets"; sourceTree = SOURCE_ROOT; };
		4029C13898EA6B3868A593D5 = { isa = PBXBuildFile; fileRef = D2AEC4F6AD8954D36660F9D9; };
		48E50FC5EAA38FE88062B604 = { isa = PBXFileReference; lastKnownFileType = text.json; name = "demo-models.json"; path = "MakerShelf/Resources/demo-models.json"; sourceTree = SOURCE_ROOT; };
		800CC8EFB2EC83DB43618C06 = { isa = PBXBuildFile; fileRef = 48E50FC5EAA38FE88062B604; };
		E7B1BFA482251F04722B6837 = { isa = PBXFileReference; lastKnownFileType = text.plist.entitlements; path = MakerShelf/MakerShelf.entitlements; sourceTree = SOURCE_ROOT; };
		38A007151ABE87CC01A5B6E9 = { isa = PBXFileReference; explicitFileType = wrapper.application; includeInIndex = 0; path = MakerShelf.app; sourceTree = BUILT_PRODUCTS_DIR; };
		1BDBD24583AAF7F81F76B976 = { isa = PBXGroup; children = ( D3A6F7B80000000000000015, D3A6F7B80000000000000013, D3A6F7B80000000000000011, D3A6F7B80000000000000017, 19E53FC9F590B86FA6ADBF7F, E78C289A5AB44968A193CF63, 09898853EEC963C97BCC027A, 0AA3B0505B1336E7887ACC5D, 9744F1AFAAE2BFAED0F12605, A1C2E3F40000000000000005, 8AF75E0E4CDED8EB4AF95974, A1C2E3F40000000000000001, 3BE36E5CE5CE8A69E62D8123, 922B54FCF2624770E8BC0D31, 32C6506617004BB51BC43C04, 6EFEB7867B7C39D420AD58D6, 6488762BD8ABB0F097455B8A, A1C2E3F40000000000000003, 0C46F2B528A07ADF8E464B21, 928BFF0B14362D25503C2E4A, 943DF47B56EA8111A50336E5, 5385CEAA9C3CB353D7158767, 218EFE511ED2FDC41C144B7C, 586D3E2315555F32B572E053, B2D3E4F50000000000000001, B2D3E4F50000000000000003, 78DA7736F175E285D1B3BE7D, 8CD55A1CD9B785F1FA91F016, 627CDC09B5010F1FAEB4F69C, 70C6589AE97B68BE3EB778C4, C0LOGINHELPERFILE00000001, ); name = "原生代码"; sourceTree = "<group>"; };
		27EDA01F986DA5EFCB134E3D = { isa = PBXGroup; children = ( D3A6F7B80000000000000001, 48A2C2E60DCF3BAE9C91C3D7, D2AEC4F6AD8954D36660F9D9, 48E50FC5EAA38FE88062B604, ); name = "图片与演示数据"; sourceTree = "<group>"; };
		FBDC4F23F93125BBEEAE800C = { isa = PBXGroup; children = ( 38A007151ABE87CC01A5B6E9, ); name = Products; sourceTree = "<group>"; };
		E50290A24C49A459B43487C5 = { isa = PBXGroup; children = ( 1BDBD24583AAF7F81F76B976, 27EDA01F986DA5EFCB134E3D, E7B1BFA482251F04722B6837, FBDC4F23F93125BBEEAE800C, ); sourceTree = "<group>"; };
		C0LOGINHELPERFILE00000001 = { isa = PBXFileReference; lastKnownFileType = sourcecode.c.objc; name = "LoginHelper.m"; path = "MakerShelf/Helpers/LoginHelper.m"; sourceTree = SOURCE_ROOT; };
		C0LOGINHELPERSCRIPT000001 = {
			isa = PBXShellScriptBuildPhase;
			buildActionMask = 2147483647;
			files = ();
			inputFileListPaths = ();
			inputPaths = ( "$(SRCROOT)/MakerShelf/Helpers/LoginHelper.m", );
			name = "Compile Login Helper";
			outputFileListPaths = ();
			outputPaths = ( "$(BUILT_PRODUCTS_DIR)/$(WRAPPER_NAME)/Contents/MacOS/MakerShelfLogin", );
			runOnlyForDeploymentPostprocessing = 0;
			shellPath = /bin/sh;
			shellScript = "set -e\nOUT=\"${BUILT_PRODUCTS_DIR}/${WRAPPER_NAME}/Contents/MacOS/MakerShelfLogin\"\nmkdir -p \"$(dirname \"$OUT\")\"\nSDK=\"${SDKROOT}\"\nif [ -z \"$SDK\" ]; then SDK=$(xcrun --sdk macosx --show-sdk-path); fi\nclang -fobjc-arc -Os -mmacosx-version-min=14.0 -isysroot \"$SDK\" -arch arm64 -arch x86_64 -framework AppKit -framework WebKit -o \"$OUT\" \"${SRCROOT}/MakerShelf/Helpers/LoginHelper.m\"\ncodesign --force --sign - -o runtime \"$OUT\"\n";
		};
		4E57AE888889001C06A4F7E8 = { isa = PBXSourcesBuildPhase; buildActionMask = 2147483647; files = ( D3A6F7B80000000000000016, D3A6F7B80000000000000014, D3A6F7B80000000000000012, D3A6F7B80000000000000018, B73A421F3F0C343C1FAA2EFB, 01ADDFBDE1D243E2B0BC8E72, F4987358A5B08956484FCA73, C6B410691526F198E4B20245, 07B0B6709FB53DF19A9429FD, A1C2E3F40000000000000006, 43AA8B419C38638C41559EFC, A1C2E3F40000000000000002, F64EC98F902190C52307725E, 5459E1F4D0F65E94EBF56001, 06A0660322502F2DEB316BAB, 596C4367E5745FD9C7F9DCFA, AFD6DBC2BCE466F62B36F3F8, A1C2E3F40000000000000004, 493815E386B009D7779019B2, 15CE65B50B3783EFA948AB92, CB80C2C5500C219158109B47, A27463DEE8526918931C7FA5, E0BB036C987EB710BB1A47D0, D2A010203DB05A2B87077F88, B2D3E4F50000000000000002, B2D3E4F50000000000000004, 33A9E2533EC0C91C8DDC3231, CFC48DD69F5ED23CECF8CCE0, 1626E47ED45CCB03C0E36F16, 5EB13081316914B1DB3AD861, ); runOnlyForDeploymentPostprocessing = 0; };
		D6C9E8A172005E68A1DD674F = { isa = PBXResourcesBuildPhase; buildActionMask = 2147483647; files = ( D3A6F7B80000000000000002, C12CA174927C399C1D3BEFC1, 4029C13898EA6B3868A593D5, 800CC8EFB2EC83DB43618C06, ); runOnlyForDeploymentPostprocessing = 0; };
		69BE8A4D8E4D9DA4E7DB3928 = { isa = PBXFrameworksBuildPhase; buildActionMask = 2147483647; files = ( A1PKGBUILD00000000000001 ); runOnlyForDeploymentPostprocessing = 0; };
		A1PKGBUILD00000000000001 = { isa = PBXBuildFile; productRef = A1PKGDEP0000000000000001; };
		D3A6F7B80000000000000001 = { isa = PBXFileReference; lastKnownFileType = text; name = "libwebp 许可"; path = "ThirdParty/libwebp/COPYING"; sourceTree = SOURCE_ROOT; };
		D3A6F7B80000000000000002 = { isa = PBXBuildFile; fileRef = D3A6F7B80000000000000001; };
		A1PKGDEP0000000000000001 = { isa = XCSwiftPackageProductDependency; package = A1PKGREF0000000000000001; productName = libwebp; };
		A1PKGREF0000000000000001 = { isa = XCLocalSwiftPackageReference; relativePath = ThirdParty/libwebp; };
		89E1FD6268CC0F221A2BE178 = { isa = XCBuildConfiguration; buildSettings = { SDKROOT = "macosx"; MACOSX_DEPLOYMENT_TARGET = "14.0"; CLANG_ENABLE_MODULES = "YES"; CLANG_ENABLE_OBJC_ARC = "YES"; ENABLE_USER_SCRIPT_SANDBOXING = "NO"; SWIFT_VERSION = "5.0"; SWIFT_STRICT_CONCURRENCY = "targeted"; GCC_C_LANGUAGE_STANDARD = "gnu17"; SWIFT_OPTIMIZATION_LEVEL = "-Onone"; SWIFT_ACTIVE_COMPILATION_CONDITIONS = "DEBUG $(inherited)"; ONLY_ACTIVE_ARCH = "YES"; DEBUG_INFORMATION_FORMAT = "dwarf"; ENABLE_TESTABILITY = "NO"; }; name = Debug; };
		7082CC0B6FC1282FCEABD07A = { isa = XCBuildConfiguration; buildSettings = { PRODUCT_NAME = "$(TARGET_NAME)"; PRODUCT_BUNDLE_IDENTIFIER = "com.makershelf.local"; GENERATE_INFOPLIST_FILE = "YES"; INFOPLIST_KEY_CFBundleDisplayName = "MakerShelf"; INFOPLIST_KEY_LSApplicationCategoryType = "public.app-category.graphics-design"; INFOPLIST_KEY_NSHumanReadableCopyright = "MakerShelf"; ASSETCATALOG_COMPILER_APPICON_NAME = "AppIcon"; CODE_SIGN_STYLE = "Manual"; CODE_SIGN_IDENTITY = "-"; CODE_SIGN_ENTITLEMENTS = "MakerShelf/MakerShelf.entitlements"; ENABLE_HARDENED_RUNTIME = "YES"; MARKETING_VERSION = "2.0"; CURRENT_PROJECT_VERSION = "11"; SUPPORTED_PLATFORMS = "macosx"; LD_RUNPATH_SEARCH_PATHS = "$(inherited) @executable_path/../Frameworks"; }; name = Debug; };
		E6DE6C99132752C914FEF632 = { isa = XCBuildConfiguration; buildSettings = { SDKROOT = "macosx"; MACOSX_DEPLOYMENT_TARGET = "14.0"; CLANG_ENABLE_MODULES = "YES"; CLANG_ENABLE_OBJC_ARC = "YES"; ENABLE_USER_SCRIPT_SANDBOXING = "NO"; SWIFT_VERSION = "5.0"; SWIFT_STRICT_CONCURRENCY = "targeted"; GCC_C_LANGUAGE_STANDARD = "gnu17"; SWIFT_OPTIMIZATION_LEVEL = "-O"; SWIFT_COMPILATION_MODE = "wholemodule"; DEBUG_INFORMATION_FORMAT = "dwarf-with-dsym"; ENABLE_NS_ASSERTIONS = "NO"; }; name = Release; };
		639A7CA24D39909E713B47F7 = { isa = XCBuildConfiguration; buildSettings = { PRODUCT_NAME = "$(TARGET_NAME)"; PRODUCT_BUNDLE_IDENTIFIER = "com.makershelf.local"; GENERATE_INFOPLIST_FILE = "YES"; INFOPLIST_KEY_CFBundleDisplayName = "MakerShelf"; INFOPLIST_KEY_LSApplicationCategoryType = "public.app-category.graphics-design"; INFOPLIST_KEY_NSHumanReadableCopyright = "MakerShelf"; ASSETCATALOG_COMPILER_APPICON_NAME = "AppIcon"; CODE_SIGN_STYLE = "Manual"; CODE_SIGN_IDENTITY = "-"; CODE_SIGN_ENTITLEMENTS = "MakerShelf/MakerShelf.entitlements"; ENABLE_HARDENED_RUNTIME = "YES"; MARKETING_VERSION = "2.0"; CURRENT_PROJECT_VERSION = "11"; SUPPORTED_PLATFORMS = "macosx"; LD_RUNPATH_SEARCH_PATHS = "$(inherited) @executable_path/../Frameworks"; }; name = Release; };
		65F43380A7FDA05CA228D639 = { isa = XCConfigurationList; buildConfigurations = ( 89E1FD6268CC0F221A2BE178, E6DE6C99132752C914FEF632, ); defaultConfigurationIsVisible = 0; defaultConfigurationName = Release; };
		F5B252E79B5260B7FAA19738 = { isa = XCConfigurationList; buildConfigurations = ( 7082CC0B6FC1282FCEABD07A, 639A7CA24D39909E713B47F7, ); defaultConfigurationIsVisible = 0; defaultConfigurationName = Release; };
		0E8A3AD980EC179856012B7E = { isa = PBXNativeTarget; buildConfigurationList = F5B252E79B5260B7FAA19738; buildPhases = ( 4E57AE888889001C06A4F7E8, 69BE8A4D8E4D9DA4E7DB3928, D6C9E8A172005E68A1DD674F, C0LOGINHELPERSCRIPT000001, ); buildRules = (); dependencies = (); name = MakerShelf; packageProductDependencies = ( A1PKGDEP0000000000000001 ); productName = MakerShelf; productReference = 38A007151ABE87CC01A5B6E9; productType = "com.apple.product-type.application"; };
		98F54143AB4E86B28C3AFEE0 = { isa = PBXProject; attributes = { BuildIndependentTargetsInParallel = YES; LastUpgradeCheck = 1500; TargetAttributes = { 0E8A3AD980EC179856012B7E = { CreatedOnToolsVersion = 15.0; }; }; }; buildConfigurationList = 65F43380A7FDA05CA228D639; compatibilityVersion = "Xcode 14.0"; developmentRegion = "zh-Hans"; hasScannedForEncodings = 0; knownRegions = ("zh-Hans", en, Base); mainGroup = E50290A24C49A459B43487C5; packageReferences = ( A1PKGREF0000000000000001 ); productRefGroup = FBDC4F23F93125BBEEAE800C; projectDirPath = ""; projectRoot = ""; targets = ( 0E8A3AD980EC179856012B7E, ); };
	};
	rootObject = 98F54143AB4E86B28C3AFEE0;
}
